
Microsoft Visual Studio Solution File, Format Version 12.00
# Visual Studio Version 17
VisualStudioVersion = 17.2.32630.192
MinimumVisualStudioVersion = 10.0.40219.1
Project("{FAE04EC0-301F-11D3-BF4B-00C04F79EFBC}") = "Assignment2", "Assignment2\Assignment2.csproj", "{373459C8-459A-4C35-B17E-6DCEBB3595FD}"
EndProject
Global
	GlobalSection(SolutionConfigurationPlatforms) = preSolution
		Debug|Any CPU = Debug|Any CPU
		Release|Any CPU = Release|Any CPU
	EndGlobalSection
	GlobalSection(ProjectConfigurationPlatforms) = postSolution
		{373459C8-459A-4C35-B17E-6DCEBB3595FD}.Debug|Any CPU.ActiveCfg = Debug|Any CPU
		{373459C8-459A-4C35-B17E-6DCEBB3595FD}.Debug|Any CPU.Build.0 = Debug|Any CPU
		{373459C8-459A-4C35-B17E-6DCEBB3595FD}.Release|Any CPU.ActiveCfg = Release|Any CPU
		{373459C8-459A-4C35-B17E-6DCEBB3595FD}.Release|Any CPU.Build.0 = Release|Any CPU
	EndGlobalSection
	GlobalSection(SolutionProperties) = preSolution
		HideSolutionNode = FALSE
	EndGlobalSection
	GlobalSection(ExtensibilityGlobals) = postSolution
		SolutionGuid = {EA11C2B8-48A4-4B4E-9106-00CB56A73035}
	EndGlobalSection
EndGlobal
